{
  "version": 4,
  "terraform_version": "1.0.11",
  "serial": 14,
  "lineage": "e3b3c258-44e6-eb3d-0d90-43aaf432e1ee",
  "outputs": {},
  "resources": [
    {
      "mode": "managed",
      "type": "google_artifact_registry_repository",
      "name": "personal-finance-manager-ar",
      "provider": "provider[\"registry.terraform.io/hashicorp/google-beta\"]",
      "instances": [
        {
          "schema_version": 0,
          "attributes": {
            "create_time": "2022-05-10T10:23:33.969925Z",
            "description": "docker repository for personal finance manager project",
            "format": "DOCKER",
            "id": "projects/subtle-harmony-349809/locations/us-central1/repositories/personal-finance-manager-ar",
            "kms_key_name": "",
            "labels": {},
            "location": "us-central1",
            "maven_config": [],
            "name": "personal-finance-manager-ar",
            "project": "subtle-harmony-349809",
            "repository_id": "personal-finance-manager-ar",
            "timeouts": null,
            "update_time": "2022-05-10T10:23:33.969925Z"
          },
          "sensitive_attributes": [],
          "private": "eyJlMmJmYjczMC1lY2FhLTExZTYtOGY4OC0zNDM2M2JjN2M0YzAiOnsiY3JlYXRlIjoxMjAwMDAwMDAwMDAwLCJkZWxldGUiOjEyMDAwMDAwMDAwMDAsInVwZGF0ZSI6MTIwMDAwMDAwMDAwMH19",
          "dependencies": [
            "google_project_service.artifact_registry_api"
          ]
        }
      ]
    },
    {
      "mode": "managed",
      "type": "google_cloudbuild_trigger",
      "name": "personal-finance-manager-be-image-trigger",
      "provider": "provider[\"registry.terraform.io/hashicorp/google\"]",
      "instances": [
        {
          "schema_version": 1,
          "attributes": {
            "approval_config": [
              {
                "approval_required": false
              }
            ],
            "build": [],
            "create_time": "2022-05-10T10:23:38.365634944Z",
            "description": "",
            "disabled": false,
            "filename": "cloudbuild.yaml",
            "filter": "",
            "git_file_source": [],
            "github": [
              {
                "name": "personalFinanceManager-be",
                "owner": "nico-iaco",
                "pull_request": [],
                "push": [
                  {
                    "branch": "main",
                    "invert_regex": false,
                    "tag": ""
                  }
                ]
              }
            ],
            "id": "projects/subtle-harmony-349809/triggers/5985e0bd-8c74-4593-b312-bbec2b72257d",
            "ignored_files": [],
            "included_files": [],
            "name": "personal-finance-manager-be-image-trigger",
            "project": "subtle-harmony-349809",
            "pubsub_config": [],
            "service_account": "",
            "source_to_build": [],
            "substitutions": {
              "_IMAGE": "personal-finance-manager-be",
              "_REPOSITORY": "personal-finance-manager-ar"
            },
            "tags": [],
            "timeouts": null,
            "trigger_id": "5985e0bd-8c74-4593-b312-bbec2b72257d",
            "trigger_template": [],
            "webhook_config": []
          },
          "sensitive_attributes": [],
          "private": "eyJlMmJmYjczMC1lY2FhLTExZTYtOGY4OC0zNDM2M2JjN2M0YzAiOnsiY3JlYXRlIjoxMjAwMDAwMDAwMDAwLCJkZWxldGUiOjEyMDAwMDAwMDAwMDAsInVwZGF0ZSI6MTIwMDAwMDAwMDAwMH0sInNjaGVtYV92ZXJzaW9uIjoiMSJ9",
          "dependencies": [
            "google_artifact_registry_repository.personal-finance-manager-ar"
          ]
        }
      ]
    },
    {
      "mode": "managed",
      "type": "google_project_service",
      "name": "artifact_registry_api",
      "provider": "provider[\"registry.terraform.io/hashicorp/google\"]",
      "instances": [
        {
          "schema_version": 0,
          "attributes": {
            "disable_dependent_services": null,
            "disable_on_destroy": true,
            "id": "subtle-harmony-349809/artifactregistry.googleapis.com",
            "project": "subtle-harmony-349809",
            "service": "artifactregistry.googleapis.com",
            "timeouts": null
          },
          "sensitive_attributes": [],
          "private": "eyJlMmJmYjczMC1lY2FhLTExZTYtOGY4OC0zNDM2M2JjN2M0YzAiOnsiY3JlYXRlIjoxMjAwMDAwMDAwMDAwLCJkZWxldGUiOjEyMDAwMDAwMDAwMDAsInJlYWQiOjYwMDAwMDAwMDAwMCwidXBkYXRlIjoxMjAwMDAwMDAwMDAwfX0="
        }
      ]
    }
  ]
}
